// !$*UTF8*$!
{
	archiveVersion = 1;
	classes = {
	};
	objectVersion = 50;
	objects = {

/* Begin PBXBuildFile section */
		1C24ADCA243FC258000D9B67 /* Investimento.swift in Sources */ = {isa = PBXBuildFile; fileRef = 1C24ADC9243FC257000D9B67 /* Investimento.swift */; };
		1C4FE0162460836F00D99CD1 /* ImpostoDeRenda.swift in Sources */ = {isa = PBXBuildFile; fileRef = 1C4FE0152460836F00D99CD1 /* ImpostoDeRenda.swift */; };
		1C5A685C24648CA600E5F4CA /* AppDelegate.swift in Sources */ = {isa = PBXBuildFile; fileRef = 1C5A685B24648CA600E5F4CA /* AppDelegate.swift */; };
		1C8B11F82464A7D800A073B3 /* coin.mp3 in Resources */ = {isa = PBXBuildFile; fileRef = 1C8B11F72464A7D800A073B3 /* coin.mp3 */; };
		1C8B11FA2464A8AF00A073B3 /* playerMusic.swift in Sources */ = {isa = PBXBuildFile; fileRef = 1C8B11F92464A8AF00A073B3 /* playerMusic.swift */; };
		1C8B11FC2464B1F700A073B3 /* padrao.mp3 in Resources */ = {isa = PBXBuildFile; fileRef = 1C8B11FB2464B1F600A073B3 /* padrao.mp3 */; };
		1C8B11FE2464B35100A073B3 /* padrao2.mp3 in Resources */ = {isa = PBXBuildFile; fileRef = 1C8B11FD2464B35100A073B3 /* padrao2.mp3 */; };
		1C8B12002464BD0200A073B3 /* padrao3.mp3 in Resources */ = {isa = PBXBuildFile; fileRef = 1C8B11FF2464BD0200A073B3 /* padrao3.mp3 */; };
		1C8B12022464C09500A073B3 /* incendio.mp3 in Resources */ = {isa = PBXBuildFile; fileRef = 1C8B12012464C09500A073B3 /* incendio.mp3 */; };
		1C8B12042464C14100A073B3 /* ruim.mp3 in Resources */ = {isa = PBXBuildFile; fileRef = 1C8B12032464C14100A073B3 /* ruim.mp3 */; };
		1C8B12062464C1D600A073B3 /* neutro.mp3 in Resources */ = {isa = PBXBuildFile; fileRef = 1C8B12052464C1D600A073B3 /* neutro.mp3 */; };
		1C8B12082464C2D600A073B3 /* feliz.mp3 in Resources */ = {isa = PBXBuildFile; fileRef = 1C8B12072464C2D600A073B3 /* feliz.mp3 */; };
		1C8B120A2464C3FB00A073B3 /* padrao4.mp3 in Resources */ = {isa = PBXBuildFile; fileRef = 1C8B12092464C3FB00A073B3 /* padrao4.mp3 */; };
		1C8B120C2464C84E00A073B3 /* botao.mp3 in Resources */ = {isa = PBXBuildFile; fileRef = 1C8B120B2464C84E00A073B3 /* botao.mp3 */; };
		1C94C9352465A80200AF0F56 /* fogo.mp3 in Resources */ = {isa = PBXBuildFile; fileRef = 1C94C9342465A80200AF0F56 /* fogo.mp3 */; };
		1CC462B42450DF0600D6CB59 /* InvestimentoViewController.swift in Sources */ = {isa = PBXBuildFile; fileRef = 1CC462B32450DF0600D6CB59 /* InvestimentoViewController.swift */; };
		1CC462B62450E25300D6CB59 /* InvestirViewController.swift in Sources */ = {isa = PBXBuildFile; fileRef = 1CC462B52450E25300D6CB59 /* InvestirViewController.swift */; };
		1CC462B82450E30700D6CB59 /* SacarViewController.swift in Sources */ = {isa = PBXBuildFile; fileRef = 1CC462B72450E30700D6CB59 /* SacarViewController.swift */; };
		1CDA1896245B53F100A360AF /* Quiz.swift in Sources */ = {isa = PBXBuildFile; fileRef = 1CDA1894245B53F100A360AF /* Quiz.swift */; };
		1CDA1897245B53F100A360AF /* Quiz.storyboard in Resources */ = {isa = PBXBuildFile; fileRef = 1CDA1895245B53F100A360AF /* Quiz.storyboard */; };
		1CDA1899245B624C00A360AF /* ImpostoDeRenda.storyboard in Resources */ = {isa = PBXBuildFile; fileRef = 1CDA1898245B624C00A360AF /* ImpostoDeRenda.storyboard */; };
		40B9BDAC245357680087800A /* textos.swift in Sources */ = {isa = PBXBuildFile; fileRef = 40B9BDAB245357680087800A /* textos.swift */; };
		40BAA40E2437DAC4002FA0CE /* FeedBack.storyboard in Resources */ = {isa = PBXBuildFile; fileRef = 40BAA4072437DAC4002FA0CE /* FeedBack.storyboard */; };
		40BAA40F2437DAC4002FA0CE /* Fase.storyboard in Resources */ = {isa = PBXBuildFile; fileRef = 40BAA4082437DAC4002FA0CE /* Fase.storyboard */; };
		40BAA4102437DAC4002FA0CE /* VisualNovel.storyboard in Resources */ = {isa = PBXBuildFile; fileRef = 40BAA4092437DAC4002FA0CE /* VisualNovel.storyboard */; };
		40BAA4132437DAC4002FA0CE /* aviso.swift in Sources */ = {isa = PBXBuildFile; fileRef = 40BAA40D2437DAC4002FA0CE /* aviso.swift */; };
		89078E082444EB16002F5CF2 /* Extension.swift in Sources */ = {isa = PBXBuildFile; fileRef = 89078E072444EB16002F5CF2 /* Extension.swift */; };
		8932CD48243BAB0C00E2BCA4 /* Mapa.storyboard in Resources */ = {isa = PBXBuildFile; fileRef = 8932CD46243BAA8800E2BCA4 /* Mapa.storyboard */; };
		8932CD4C243BCB9000E2BCA4 /* SideQuest.storyboard in Resources */ = {isa = PBXBuildFile; fileRef = 8932CD4B243BCB9000E2BCA4 /* SideQuest.storyboard */; };
		8932CD51243D1E1200E2BCA4 /* TextLabel.swift in Sources */ = {isa = PBXBuildFile; fileRef = 8932CD50243D1E1200E2BCA4 /* TextLabel.swift */; };
		8932CD53243D1F4900E2BCA4 /* NarrativaViewController.swift in Sources */ = {isa = PBXBuildFile; fileRef = 8932CD52243D1F4900E2BCA4 /* NarrativaViewController.swift */; };
		8932CD5C243F8F7B00E2BCA4 /* ConfigView.swift in Sources */ = {isa = PBXBuildFile; fileRef = 8932CD5B243F8F7B00E2BCA4 /* ConfigView.swift */; };
		895108A8244A1D140088D7CB /* ContaViewController.swift in Sources */ = {isa = PBXBuildFile; fileRef = 895108A7244A1D140088D7CB /* ContaViewController.swift */; };
		895C370A2462006600622754 /* ScoreView.swift in Sources */ = {isa = PBXBuildFile; fileRef = 895C37092462006500622754 /* ScoreView.swift */; };
		89DF46A92437B75200FB36EB /* Personagem.swift in Sources */ = {isa = PBXBuildFile; fileRef = 89DF46A82437B75200FB36EB /* Personagem.swift */; };
		89E3EAAF242E98D3007C2CFC /* SceneDelegate.swift in Sources */ = {isa = PBXBuildFile; fileRef = 89E3EAAE242E98D3007C2CFC /* SceneDelegate.swift */; };
		89E3EAB1242E98D3007C2CFC /* PrincipalViewController.swift in Sources */ = {isa = PBXBuildFile; fileRef = 89E3EAB0242E98D3007C2CFC /* PrincipalViewController.swift */; };
		89E3EAB4242E98D3007C2CFC /* Main.storyboard in Resources */ = {isa = PBXBuildFile; fileRef = 89E3EAB2242E98D3007C2CFC /* Main.storyboard */; };
		89E3EAB6242E98D5007C2CFC /* Assets.xcassets in Resources */ = {isa = PBXBuildFile; fileRef = 89E3EAB5242E98D5007C2CFC /* Assets.xcassets */; };
		89E3EAB9242E98D5007C2CFC /* LaunchScreen.storyboard in Resources */ = {isa = PBXBuildFile; fileRef = 89E3EAB7242E98D5007C2CFC /* LaunchScreen.storyboard */; };
		89E3EAC4242E98D6007C2CFC /* Mini02Tests.swift in Sources */ = {isa = PBXBuildFile; fileRef = 89E3EAC3242E98D6007C2CFC /* Mini02Tests.swift */; };
		89E3EACF242E98D6007C2CFC /* Mini02UITests.swift in Sources */ = {isa = PBXBuildFile; fileRef = 89E3EACE242E98D6007C2CFC /* Mini02UITests.swift */; };
		89E3EAE924326209007C2CFC /* Banco.storyboard in Resources */ = {isa = PBXBuildFile; fileRef = 89E3EAE824326209007C2CFC /* Banco.storyboard */; };
		89E3EAEB24326226007C2CFC /* Investimento.storyboard in Resources */ = {isa = PBXBuildFile; fileRef = 89E3EAEA24326226007C2CFC /* Investimento.storyboard */; };
		89E3EAED24326E35007C2CFC /* Principal.storyboard in Resources */ = {isa = PBXBuildFile; fileRef = 89E3EAEC24326E35007C2CFC /* Principal.storyboard */; };
		89E3EAF024328755007C2CFC /* IntroducaoViewController.swift in Sources */ = {isa = PBXBuildFile; fileRef = 89E3EAEF24328755007C2CFC /* IntroducaoViewController.swift */; };
		89E3EAF524328D7C007C2CFC /* CustomizacaoViewController.swift in Sources */ = {isa = PBXBuildFile; fileRef = 89E3EAF424328D7C007C2CFC /* CustomizacaoViewController.swift */; };
		89FD50912459ED0C0057A1B0 /* CheckBoxButton.swift in Sources */ = {isa = PBXBuildFile; fileRef = 89FD50902459ED0C0057A1B0 /* CheckBoxButton.swift */; };
		C0CDCA00243BCBEB0057014D /* BancoViewController.swift in Sources */ = {isa = PBXBuildFile; fileRef = C0CDC9FF243BCBEB0057014D /* BancoViewController.swift */; };
		C0DC056F245D1C4100CA893F /* ExtratoViewController.swift in Sources */ = {isa = PBXBuildFile; fileRef = C0DC056E245D1C4100CA893F /* ExtratoViewController.swift */; };
/* End PBXBuildFile section */

/* Begin PBXContainerItemProxy section */
		89E3EAC0242E98D6007C2CFC /* PBXContainerItemProxy */ = {
			isa = PBXContainerItemProxy;
			containerPortal = 89E3EAA1242E98D3007C2CFC /* Project object */;
			proxyType = 1;
			remoteGlobalIDString = 89E3EAA8242E98D3007C2CFC;
			remoteInfo = Mini02;
		};
		89E3EACB242E98D6007C2CFC /* PBXContainerItemProxy */ = {
			isa = PBXContainerItemProxy;
			containerPortal = 89E3EAA1242E98D3007C2CFC /* Project object */;
			proxyType = 1;
			remoteGlobalIDString = 89E3EAA8242E98D3007C2CFC;
			remoteInfo = Mini02;
		};
/* End PBXContainerItemProxy section */

/* Begin PBXFileReference section */
		1C24ADC9243FC257000D9B67 /* Investimento.swift */ = {isa = PBXFileReference; fileEncoding = 4; lastKnownFileType = sourcecode.swift; path = Investimento.swift; sourceTree = "<group>"; };
		1C4FE0152460836F00D99CD1 /* ImpostoDeRenda.swift */ = {isa = PBXFileReference; lastKnownFileType = sourcecode.swift; path = ImpostoDeRenda.swift; sourceTree = "<group>"; };
		1C5A685B24648CA600E5F4CA /* AppDelegate.swift */ = {isa = PBXFileReference; lastKnownFileType = sourcecode.swift; path = AppDelegate.swift; sourceTree = "<group>"; };
		1C5A685F2464960600E5F4CA /* AVFoundation.framework */ = {isa = PBXFileReference; lastKnownFileType = wrapper.framework; name = AVFoundation.framework; path = System/Library/Frameworks/AVFoundation.framework; sourceTree = SDKROOT; };
		1C8B11F72464A7D800A073B3 /* coin.mp3 */ = {isa = PBXFileReference; lastKnownFileType = audio.mp3; path = coin.mp3; sourceTree = "<group>"; };
		1C8B11F92464A8AF00A073B3 /* playerMusic.swift */ = {isa = PBXFileReference; lastKnownFileType = sourcecode.swift; path = playerMusic.swift; sourceTree = "<group>"; };
		1C8B11FB2464B1F600A073B3 /* padrao.mp3 */ = {isa = PBXFileReference; lastKnownFileType = audio.mp3; path = padrao.mp3; sourceTree = "<group>"; };
		1C8B11FD2464B35100A073B3 /* padrao2.mp3 */ = {isa = PBXFileReference; lastKnownFileType = audio.mp3; path = padrao2.mp3; sourceTree = "<group>"; };
		1C8B11FF2464BD0200A073B3 /* padrao3.mp3 */ = {isa = PBXFileReference; lastKnownFileType = audio.mp3; path = padrao3.mp3; sourceTree = "<group>"; };
		1C8B12012464C09500A073B3 /* incendio.mp3 */ = {isa = PBXFileReference; lastKnownFileType = audio.mp3; path = incendio.mp3; sourceTree = "<group>"; };
		1C8B12032464C14100A073B3 /* ruim.mp3 */ = {isa = PBXFileReference; lastKnownFileType = audio.mp3; path = ruim.mp3; sourceTree = "<group>"; };
		1C8B12052464C1D600A073B3 /* neutro.mp3 */ = {isa = PBXFileReference; lastKnownFileType = audio.mp3; path = neutro.mp3; sourceTree = "<group>"; };
		1C8B12072464C2D600A073B3 /* feliz.mp3 */ = {isa = PBXFileReference; lastKnownFileType = audio.mp3; path = feliz.mp3; sourceTree = "<group>"; };
		1C8B12092464C3FB00A073B3 /* padrao4.mp3 */ = {isa = PBXFileReference; lastKnownFileType = audio.mp3; path = padrao4.mp3; sourceTree = "<group>"; };
		1C8B120B2464C84E00A073B3 /* botao.mp3 */ = {isa = PBXFileReference; lastKnownFileType = audio.mp3; path = botao.mp3; sourceTree = "<group>"; };
		1C94C9342465A80200AF0F56 /* fogo.mp3 */ = {isa = PBXFileReference; lastKnownFileType = audio.mp3; path = fogo.mp3; sourceTree = "<group>"; };
		1CC462B32450DF0600D6CB59 /* InvestimentoViewController.swift */ = {isa = PBXFileReference; lastKnownFileType = sourcecode.swift; path = InvestimentoViewController.swift; sourceTree = "<group>"; };
		1CC462B52450E25300D6CB59 /* InvestirViewController.swift */ = {isa = PBXFileReference; lastKnownFileType = sourcecode.swift; path = InvestirViewController.swift; sourceTree = "<group>"; };
		1CC462B72450E30700D6CB59 /* SacarViewController.swift */ = {isa = PBXFileReference; lastKnownFileType = sourcecode.swift; path = SacarViewController.swift; sourceTree = "<group>"; };
		1CDA1894245B53F100A360AF /* Quiz.swift */ = {isa = PBXFileReference; fileEncoding = 4; lastKnownFileType = sourcecode.swift; path = Quiz.swift; sourceTree = "<group>"; };
		1CDA1895245B53F100A360AF /* Quiz.storyboard */ = {isa = PBXFileReference; fileEncoding = 4; lastKnownFileType = file.storyboard; path = Quiz.storyboard; sourceTree = "<group>"; };
		1CDA1898245B624C00A360AF /* ImpostoDeRenda.storyboard */ = {isa = PBXFileReference; lastKnownFileType = file.storyboard; path = ImpostoDeRenda.storyboard; sourceTree = "<group>"; };
		40B9BDAB245357680087800A /* textos.swift */ = {isa = PBXFileReference; lastKnownFileType = sourcecode.swift; path = textos.swift; sourceTree = "<group>"; };
		40BAA4072437DAC4002FA0CE /* FeedBack.storyboard */ = {isa = PBXFileReference; fileEncoding = 4; lastKnownFileType = file.storyboard; name = FeedBack.storyboard; path = "../Mapa e Fases/FeedBack.storyboard"; sourceTree = "<group>"; };
		40BAA4082437DAC4002FA0CE /* Fase.storyboard */ = {isa = PBXFileReference; fileEncoding = 4; lastKnownFileType = file.storyboard; name = Fase.storyboard; path = "../Mapa e Fases/Fase.storyboard"; sourceTree = "<group>"; };
		40BAA4092437DAC4002FA0CE /* VisualNovel.storyboard */ = {isa = PBXFileReference; fileEncoding = 4; lastKnownFileType = file.storyboard; name = VisualNovel.storyboard; path = "../Mapa e Fases/VisualNovel.storyboard"; sourceTree = "<group>"; };
		40BAA40D2437DAC4002FA0CE /* aviso.swift */ = {isa = PBXFileReference; fileEncoding = 4; lastKnownFileType = sourcecode.swift; name = aviso.swift; path = "../Mapa e Fases/aviso.swift"; sourceTree = "<group>"; };
		89078E072444EB16002F5CF2 /* Extension.swift */ = {isa = PBXFileReference; lastKnownFileType = sourcecode.swift; path = Extension.swift; sourceTree = "<group>"; };
		8932CD46243BAA8800E2BCA4 /* Mapa.storyboard */ = {isa = PBXFileReference; fileEncoding = 4; lastKnownFileType = file.storyboard; path = Mapa.storyboard; sourceTree = "<group>"; };
		8932CD4B243BCB9000E2BCA4 /* SideQuest.storyboard */ = {isa = PBXFileReference; lastKnownFileType = file.storyboard; path = SideQuest.storyboard; sourceTree = "<group>"; };
		8932CD50243D1E1200E2BCA4 /* TextLabel.swift */ = {isa = PBXFileReference; lastKnownFileType = sourcecode.swift; path = TextLabel.swift; sourceTree = "<group>"; };
		8932CD52243D1F4900E2BCA4 /* NarrativaViewController.swift */ = {isa = PBXFileReference; lastKnownFileType = sourcecode.swift; path = NarrativaViewController.swift; sourceTree = "<group>"; };
		8932CD5B243F8F7B00E2BCA4 /* ConfigView.swift */ = {isa = PBXFileReference; lastKnownFileType = sourcecode.swift; path = ConfigView.swift; sourceTree = "<group>"; };
		895108A7244A1D140088D7CB /* ContaViewController.swift */ = {isa = PBXFileReference; lastKnownFileType = sourcecode.swift; path = ContaViewController.swift; sourceTree = "<group>"; };
		895C37092462006500622754 /* ScoreView.swift */ = {isa = PBXFileReference; fileEncoding = 4; lastKnownFileType = sourcecode.swift; path = ScoreView.swift; sourceTree = "<group>"; };
		89DF46A82437B75200FB36EB /* Personagem.swift */ = {isa = PBXFileReference; lastKnownFileType = sourcecode.swift; path = Personagem.swift; sourceTree = "<group>"; };
		89E3EAA9242E98D3007C2CFC /* Mini02.app */ = {isa = PBXFileReference; explicitFileType = wrapper.application; includeInIndex = 0; path = Mini02.app; sourceTree = BUILT_PRODUCTS_DIR; };
		89E3EAAE242E98D3007C2CFC /* SceneDelegate.swift */ = {isa = PBXFileReference; lastKnownFileType = sourcecode.swift; path = SceneDelegate.swift; sourceTree = "<group>"; };
		89E3EAB0242E98D3007C2CFC /* PrincipalViewController.swift */ = {isa = PBXFileReference; lastKnownFileType = sourcecode.swift; path = PrincipalViewController.swift; sourceTree = "<group>"; };
		89E3EAB3242E98D3007C2CFC /* Base */ = {isa = PBXFileReference; lastKnownFileType = file.storyboard; name = Base; path = Base.lproj/Main.storyboard; sourceTree = "<group>"; };
		89E3EAB5242E98D5007C2CFC /* Assets.xcassets */ = {isa = PBXFileReference; lastKnownFileType = folder.assetcatalog; path = Assets.xcassets; sourceTree = "<group>"; };
		89E3EAB8242E98D5007C2CFC /* Base */ = {isa = PBXFileReference; lastKnownFileType = file.storyboard; name = Base; path = Base.lproj/LaunchScreen.storyboard; sourceTree = "<group>"; };
		89E3EABA242E98D5007C2CFC /* Info.plist */ = {isa = PBXFileReference; lastKnownFileType = text.plist.xml; path = Info.plist; sourceTree = "<group>"; };
		89E3EABF242E98D6007C2CFC /* Mini02Tests.xctest */ = {isa = PBXFileReference; explicitFileType = wrapper.cfbundle; includeInIndex = 0; path = Mini02Tests.xctest; sourceTree = BUILT_PRODUCTS_DIR; };
		89E3EAC3242E98D6007C2CFC /* Mini02Tests.swift */ = {isa = PBXFileReference; lastKnownFileType = sourcecode.swift; path = Mini02Tests.swift; sourceTree = "<group>"; };
		89E3EAC5242E98D6007C2CFC /* Info.plist */ = {isa = PBXFileReference; lastKnownFileType = text.plist.xml; path = Info.plist; sourceTree = "<group>"; };
		89E3EACA242E98D6007C2CFC /* Mini02UITests.xctest */ = {isa = PBXFileReference; explicitFileType = wrapper.cfbundle; includeInIndex = 0; path = Mini02UITests.xctest; sourceTree = BUILT_PRODUCTS_DIR; };
		89E3EACE242E98D6007C2CFC /* Mini02UITests.swift */ = {isa = PBXFileReference; lastKnownFileType = sourcecode.swift; path = Mini02UITests.swift; sourceTree = "<group>"; };
		89E3EAD0242E98D6007C2CFC /* Info.plist */ = {isa = PBXFileReference; lastKnownFileType = text.plist.xml; path = Info.plist; sourceTree = "<group>"; };
		89E3EAE824326209007C2CFC /* Banco.storyboard */ = {isa = PBXFileReference; lastKnownFileType = file.storyboard; path = Banco.storyboard; sourceTree = "<group>"; };
		89E3EAEA24326226007C2CFC /* Investimento.storyboard */ = {isa = PBXFileReference; lastKnownFileType = file.storyboard; path = Investimento.storyboard; sourceTree = "<group>"; };
		89E3EAEC24326E35007C2CFC /* Principal.storyboard */ = {isa = PBXFileReference; lastKnownFileType = file.storyboard; path = Principal.storyboard; sourceTree = "<group>"; };
		89E3EAEF24328755007C2CFC /* IntroducaoViewController.swift */ = {isa = PBXFileReference; lastKnownFileType = sourcecode.swift; path = IntroducaoViewController.swift; sourceTree = "<group>"; };
		89E3EAF424328D7C007C2CFC /* CustomizacaoViewController.swift */ = {isa = PBXFileReference; lastKnownFileType = sourcecode.swift; path = CustomizacaoViewController.swift; sourceTree = "<group>"; };
		89FD50902459ED0C0057A1B0 /* CheckBoxButton.swift */ = {isa = PBXFileReference; fileEncoding = 4; lastKnownFileType = sourcecode.swift; path = CheckBoxButton.swift; sourceTree = "<group>"; };
		C0CDC9FF243BCBEB0057014D /* BancoViewController.swift */ = {isa = PBXFileReference; lastKnownFileType = sourcecode.swift; path = BancoViewController.swift; sourceTree = "<group>"; };
		C0DC056E245D1C4100CA893F /* ExtratoViewController.swift */ = {isa = PBXFileReference; lastKnownFileType = sourcecode.swift; path = ExtratoViewController.swift; sourceTree = "<group>"; };
/* End PBXFileReference section */

/* Begin PBXFrameworksBuildPhase section */
		89E3EAA6242E98D3007C2CFC /* Frameworks */ = {
			isa = PBXFrameworksBuildPhase;
			buildActionMask = 2147483647;
			files = (
			);
			runOnlyForDeploymentPostprocessing = 0;
		};
		89E3EABC242E98D6007C2CFC /* Frameworks */ = {
			isa = PBXFrameworksBuildPhase;
			buildActionMask = 2147483647;
			files = (
			);
			runOnlyForDeploymentPostprocessing = 0;
		};
		89E3EAC7242E98D6007C2CFC /* Frameworks */ = {
			isa = PBXFrameworksBuildPhase;
			buildActionMask = 2147483647;
			files = (
			);
			runOnlyForDeploymentPostprocessing = 0;
		};
/* End PBXFrameworksBuildPhase section */

/* Begin PBXGroup section */
		1C5A685E2464960500E5F4CA /* Frameworks */ = {
			isa = PBXGroup;
			children = (
				1C5A685F2464960600E5F4CA /* AVFoundation.framework */,
			);
			name = Frameworks;
			sourceTree = "<group>";
		};
		8932CD4F243D1DF500E2BCA4 /* Lib */ = {
			isa = PBXGroup;
			children = (
				89FD50902459ED0C0057A1B0 /* CheckBoxButton.swift */,
				89078E072444EB16002F5CF2 /* Extension.swift */,
				8932CD50243D1E1200E2BCA4 /* TextLabel.swift */,
			);
			path = Lib;
			sourceTree = "<group>";
		};
		8932CD5A243F8F3300E2BCA4 /* View */ = {
			isa = PBXGroup;
			children = (
				8932CD5B243F8F7B00E2BCA4 /* ConfigView.swift */,
				895C37092462006500622754 /* ScoreView.swift */,
			);
			path = View;
			sourceTree = "<group>";
		};
		8979074B246626740024F8FC /* Musicas */ = {
			isa = PBXGroup;
			children = (
				1C8B12032464C14100A073B3 /* ruim.mp3 */,
				1C8B12012464C09500A073B3 /* incendio.mp3 */,
				1C8B12072464C2D600A073B3 /* feliz.mp3 */,
				1C94C9342465A80200AF0F56 /* fogo.mp3 */,
				1C8B11F72464A7D800A073B3 /* coin.mp3 */,
				1C8B120B2464C84E00A073B3 /* botao.mp3 */,
				1C8B12052464C1D600A073B3 /* neutro.mp3 */,
				1C8B11FB2464B1F600A073B3 /* padrao.mp3 */,
				1C8B11FD2464B35100A073B3 /* padrao2.mp3 */,
				1C8B11FF2464BD0200A073B3 /* padrao3.mp3 */,
				1C8B12092464C3FB00A073B3 /* padrao4.mp3 */,
			);
			path = Musicas;
			sourceTree = "<group>";
		};
		89E3EAA0242E98D3007C2CFC = {
			isa = PBXGroup;
			children = (
				89E3EAAB242E98D3007C2CFC /* Mini02 */,
				89E3EAC2242E98D6007C2CFC /* Mini02Tests */,
				89E3EACD242E98D6007C2CFC /* Mini02UITests */,
				89E3EAAA242E98D3007C2CFC /* Products */,
				1C5A685E2464960500E5F4CA /* Frameworks */,
			);
			sourceTree = "<group>";
		};
		89E3EAAA242E98D3007C2CFC /* Products */ = {
			isa = PBXGroup;
			children = (
				89E3EAA9242E98D3007C2CFC /* Mini02.app */,
				89E3EABF242E98D6007C2CFC /* Mini02Tests.xctest */,
				89E3EACA242E98D6007C2CFC /* Mini02UITests.xctest */,
			);
			name = Products;
			sourceTree = "<group>";
		};
		89E3EAAB242E98D3007C2CFC /* Mini02 */ = {
			isa = PBXGroup;
			children = (
				89E3EAEE24328716007C2CFC /* ViewController */,
				8932CD5A243F8F3300E2BCA4 /* View */,
				8932CD4F243D1DF500E2BCA4 /* Lib */,
				1C5A685B24648CA600E5F4CA /* AppDelegate.swift */,
				40BAA40D2437DAC4002FA0CE /* aviso.swift */,
				89E3EAB5242E98D5007C2CFC /* Assets.xcassets */,
				89E3EAE824326209007C2CFC /* Banco.storyboard */,
				40BAA4082437DAC4002FA0CE /* Fase.storyboard */,
				40BAA4072437DAC4002FA0CE /* FeedBack.storyboard */,
				1CDA1898245B624C00A360AF /* ImpostoDeRenda.storyboard */,
				1C4FE0152460836F00D99CD1 /* ImpostoDeRenda.swift */,
				89E3EABA242E98D5007C2CFC /* Info.plist */,
				89E3EAEA24326226007C2CFC /* Investimento.storyboard */,
				1C24ADC9243FC257000D9B67 /* Investimento.swift */,
				89E3EAB7242E98D5007C2CFC /* LaunchScreen.storyboard */,
				89E3EAB2242E98D3007C2CFC /* Main.storyboard */,
				8932CD46243BAA8800E2BCA4 /* Mapa.storyboard */,
				8979074B246626740024F8FC /* Musicas */,
				1C8B11F92464A8AF00A073B3 /* playerMusic.swift */,
				89DF46A82437B75200FB36EB /* Personagem.swift */,
				89E3EAEC24326E35007C2CFC /* Principal.storyboard */,
				1CDA1895245B53F100A360AF /* Quiz.storyboard */,
				1CDA1894245B53F100A360AF /* Quiz.swift */,
				89E3EAAE242E98D3007C2CFC /* SceneDelegate.swift */,
				8932CD4B243BCB9000E2BCA4 /* SideQuest.storyboard */,
				40B9BDAB245357680087800A /* textos.swift */,
				40BAA4092437DAC4002FA0CE /* VisualNovel.storyboard */,
			);
			path = Mini02;
			sourceTree = "<group>";
		};
		89E3EAC2242E98D6007C2CFC /* Mini02Tests */ = {
			isa = PBXGroup;
			children = (
				89E3EAC3242E98D6007C2CFC /* Mini02Tests.swift */,
				89E3EAC5242E98D6007C2CFC /* Info.plist */,
			);
			path = Mini02Tests;
			sourceTree = "<group>";
		};
		89E3EACD242E98D6007C2CFC /* Mini02UITests */ = {
			isa = PBXGroup;
			children = (
				89E3EACE242E98D6007C2CFC /* Mini02UITests.swift */,
				89E3EAD0242E98D6007C2CFC /* Info.plist */,
			);
			path = Mini02UITests;
			sourceTree = "<group>";
		};
		89E3EAEE24328716007C2CFC /* ViewController */ = {
			isa = PBXGroup;
			children = (
				C0CDC9FF243BCBEB0057014D /* BancoViewController.swift */,
				895108A7244A1D140088D7CB /* ContaViewController.swift */,
				89E3EAF424328D7C007C2CFC /* CustomizacaoViewController.swift */,
				C0DC056E245D1C4100CA893F /* ExtratoViewController.swift */,
				89E3EAEF24328755007C2CFC /* IntroducaoViewController.swift */,
				1CC462B32450DF0600D6CB59 /* InvestimentoViewController.swift */,
				1CC462B52450E25300D6CB59 /* InvestirViewController.swift */,
				8932CD52243D1F4900E2BCA4 /* NarrativaViewController.swift */,
				89E3EAB0242E98D3007C2CFC /* PrincipalViewController.swift */,
				1CC462B72450E30700D6CB59 /* SacarViewController.swift */,
			);
			path = ViewController;
			sourceTree = "<group>";
		};
/* End PBXGroup section */

/* Begin PBXNativeTarget section */
		89E3EAA8242E98D3007C2CFC /* Mini02 */ = {
			isa = PBXNativeTarget;
			buildConfigurationList = 89E3EAD3242E98D6007C2CFC /* Build configuration list for PBXNativeTarget "Mini02" */;
			buildPhases = (
				89E3EAA5242E98D3007C2CFC /* Sources */,
				89E3EAA6242E98D3007C2CFC /* Frameworks */,
				89E3EAA7242E98D3007C2CFC /* Resources */,
			);
			buildRules = (
			);
			dependencies = (
			);
			name = Mini02;
			productName = Mini02;
			productReference = 89E3EAA9242E98D3007C2CFC /* Mini02.app */;
			productType = "com.apple.product-type.application";
		};
		89E3EABE242E98D6007C2CFC /* Mini02Tests */ = {
			isa = PBXNativeTarget;
			buildConfigurationList = 89E3EAD6242E98D6007C2CFC /* Build configuration list for PBXNativeTarget "Mini02Tests" */;
			buildPhases = (
				89E3EABB242E98D6007C2CFC /* Sources */,
				89E3EABC242E98D6007C2CFC /* Frameworks */,
				89E3EABD242E98D6007C2CFC /* Resources */,
			);
			buildRules = (
			);
			dependencies = (
				89E3EAC1242E98D6007C2CFC /* PBXTargetDependency */,
			);
			name = Mini02Tests;
			productName = Mini02Tests;
			productReference = 89E3EABF242E98D6007C2CFC /* Mini02Tests.xctest */;
			productType = "com.apple.product-type.bundle.unit-test";
		};
		89E3EAC9242E98D6007C2CFC /* Mini02UITests */ = {
			isa = PBXNativeTarget;
			buildConfigurationList = 89E3EAD9242E98D6007C2CFC /* Build configuration list for PBXNativeTarget "Mini02UITests" */;
			buildPhases = (
				89E3EAC6242E98D6007C2CFC /* Sources */,
				89E3EAC7242E98D6007C2CFC /* Frameworks */,
				89E3EAC8242E98D6007C2CFC /* Resources */,
			);
			buildRules = (
			);
			dependencies = (
				89E3EACC242E98D6007C2CFC /* PBXTargetDependency */,
			);
			name = Mini02UITests;
			productName = Mini02UITests;
			productReference = 89E3EACA242E98D6007C2CFC /* Mini02UITests.xctest */;
			productType = "com.apple.product-type.bundle.ui-testing";
		};
/* End PBXNativeTarget section */

/* Begin PBXProject section */
		89E3EAA1242E98D3007C2CFC /* Project object */ = {
			isa = PBXProject;
			attributes = {
				LastSwiftUpdateCheck = 1140;
				LastUpgradeCheck = 1140;
				ORGANIZATIONNAME = "Rogerio Lucon";
				TargetAttributes = {
					89E3EAA8242E98D3007C2CFC = {
						CreatedOnToolsVersion = 11.4;
					};
					89E3EABE242E98D6007C2CFC = {
						CreatedOnToolsVersion = 11.4;
						TestTargetID = 89E3EAA8242E98D3007C2CFC;
					};
					89E3EAC9242E98D6007C2CFC = {
						CreatedOnToolsVersion = 11.4;
						TestTargetID = 89E3EAA8242E98D3007C2CFC;
					};
				};
			};
			buildConfigurationList = 89E3EAA4242E98D3007C2CFC /* Build configuration list for PBXProject "Mini02" */;
			compatibilityVersion = "Xcode 9.3";
			developmentRegion = en;
			hasScannedForEncodings = 0;
			knownRegions = (
				en,
				Base,
			);
			mainGroup = 89E3EAA0242E98D3007C2CFC;
			productRefGroup = 89E3EAAA242E98D3007C2CFC /* Products */;
			projectDirPath = "";
			projectRoot = "";
			targets = (
				89E3EAA8242E98D3007C2CFC /* Mini02 */,
				89E3EABE242E98D6007C2CFC /* Mini02Tests */,
				89E3EAC9242E98D6007C2CFC /* Mini02UITests */,
			);
		};
/* End PBXProject section */

/* Begin PBXResourcesBuildPhase section */
		89E3EAA7242E98D3007C2CFC /* Resources */ = {
			isa = PBXResourcesBuildPhase;
			buildActionMask = 2147483647;
			files = (
				1CDA1897245B53F100A360AF /* Quiz.storyboard in Resources */,
				8932CD48243BAB0C00E2BCA4 /* Mapa.storyboard in Resources */,
				1CDA1899245B624C00A360AF /* ImpostoDeRenda.storyboard in Resources */,
				1C8B11F82464A7D800A073B3 /* coin.mp3 in Resources */,
				89E3EAB9242E98D5007C2CFC /* LaunchScreen.storyboard in Resources */,
				1C8B12082464C2D600A073B3 /* feliz.mp3 in Resources */,
				8932CD4C243BCB9000E2BCA4 /* SideQuest.storyboard in Resources */,
				89E3EAB6242E98D5007C2CFC /* Assets.xcassets in Resources */,
				89E3EAE924326209007C2CFC /* Banco.storyboard in Resources */,
				89E3EAED24326E35007C2CFC /* Principal.storyboard in Resources */,
				89E3EAB4242E98D3007C2CFC /* Main.storyboard in Resources */,
				1C8B120A2464C3FB00A073B3 /* padrao4.mp3 in Resources */,
				40BAA4102437DAC4002FA0CE /* VisualNovel.storyboard in Resources */,
				1C8B12042464C14100A073B3 /* ruim.mp3 in Resources */,
				1C8B12062464C1D600A073B3 /* neutro.mp3 in Resources */,
				1C94C9352465A80200AF0F56 /* fogo.mp3 in Resources */,
				89E3EAEB24326226007C2CFC /* Investimento.storyboard in Resources */,
				1C8B12002464BD0200A073B3 /* padrao3.mp3 in Resources */,
				40BAA40E2437DAC4002FA0CE /* FeedBack.storyboard in Resources */,
				1C8B11FE2464B35100A073B3 /* padrao2.mp3 in Resources */,
				1C8B120C2464C84E00A073B3 /* botao.mp3 in Resources */,
				40BAA40F2437DAC4002FA0CE /* Fase.storyboard in Resources */,
				1C8B12022464C09500A073B3 /* incendio.mp3 in Resources */,
				1C8B11FC2464B1F700A073B3 /* padrao.mp3 in Resources */,
			);
			runOnlyForDeploymentPostprocessing = 0;
		};
		89E3EABD242E98D6007C2CFC /* Resources */ = {
			isa = PBXResourcesBuildPhase;
			buildActionMask = 2147483647;
			files = (
			);
			runOnlyForDeploymentPostprocessing = 0;
		};
		89E3EAC8242E98D6007C2CFC /* Resources */ = {
			isa = PBXResourcesBuildPhase;
			buildActionMask = 2147483647;
			files = (
			);
			runOnlyForDeploymentPostprocessing = 0;
		};
/* End PBXResourcesBuildPhase section */

/* Begin PBXSourcesBuildPhase section */
		89E3EAA5242E98D3007C2CFC /* Sources */ = {
			isa = PBXSourcesBuildPhase;
			buildActionMask = 2147483647;
			files = (
				895C370A2462006600622754 /* ScoreView.swift in Sources */,
				8932CD5C243F8F7B00E2BCA4 /* ConfigView.swift in Sources */,
				1C8B11FA2464A8AF00A073B3 /* playerMusic.swift in Sources */,
				89E3EAF524328D7C007C2CFC /* CustomizacaoViewController.swift in Sources */,
				1CC462B42450DF0600D6CB59 /* InvestimentoViewController.swift in Sources */,
				8932CD53243D1F4900E2BCA4 /* NarrativaViewController.swift in Sources */,
				1C24ADCA243FC258000D9B67 /* Investimento.swift in Sources */,
				895108A8244A1D140088D7CB /* ContaViewController.swift in Sources */,
				1CDA1896245B53F100A360AF /* Quiz.swift in Sources */,
				40B9BDAC245357680087800A /* textos.swift in Sources */,
				89E3EAF024328755007C2CFC /* IntroducaoViewController.swift in Sources */,
				89E3EAB1242E98D3007C2CFC /* PrincipalViewController.swift in Sources */,
				1CC462B82450E30700D6CB59 /* SacarViewController.swift in Sources */,
				40BAA4132437DAC4002FA0CE /* aviso.swift in Sources */,
				8932CD51243D1E1200E2BCA4 /* TextLabel.swift in Sources */,
				1C4FE0162460836F00D99CD1 /* ImpostoDeRenda.swift in Sources */,
				1CC462B62450E25300D6CB59 /* InvestirViewController.swift in Sources */,
				89078E082444EB16002F5CF2 /* Extension.swift in Sources */,
				89FD50912459ED0C0057A1B0 /* CheckBoxButton.swift in Sources */,
				C0DC056F245D1C4100CA893F /* ExtratoViewController.swift in Sources */,
				89DF46A92437B75200FB36EB /* Personagem.swift in Sources */,
				C0CDCA00243BCBEB0057014D /* BancoViewController.swift in Sources */,
				89E3EAAF242E98D3007C2CFC /* SceneDelegate.swift in Sources */,
				1C5A685C24648CA600E5F4CA /* AppDelegate.swift in Sources */,
			);
			runOnlyForDeploymentPostprocessing = 0;
		};
		89E3EABB242E98D6007C2CFC /* Sources */ = {
			isa = PBXSourcesBuildPhase;
			buildActionMask = 2147483647;
			files = (
				89E3EAC4242E98D6007C2CFC /* Mini02Tests.swift in Sources */,
			);
			runOnlyForDeploymentPostprocessing = 0;
		};
		89E3EAC6242E98D6007C2CFC /* Sources */ = {
			isa = PBXSourcesBuildPhase;
			buildActionMask = 2147483647;
			files = (
				89E3EACF242E98D6007C2CFC /* Mini02UITests.swift in Sources */,
			);
			runOnlyForDeploymentPostprocessing = 0;
		};
/* End PBXSourcesBuildPhase section */

/* Begin PBXTargetDependency section */
		89E3EAC1242E98D6007C2CFC /* PBXTargetDependency */ = {
			isa = PBXTargetDependency;
			target = 89E3EAA8242E98D3007C2CFC /* Mini02 */;
			targetProxy = 89E3EAC0242E98D6007C2CFC /* PBXContainerItemProxy */;
		};
		89E3EACC242E98D6007C2CFC /* PBXTargetDependency */ = {
			isa = PBXTargetDependency;
			target = 89E3EAA8242E98D3007C2CFC /* Mini02 */;
			targetProxy = 89E3EACB242E98D6007C2CFC /* PBXContainerItemProxy */;
		};
/* End PBXTargetDependency section */

/* Begin PBXVariantGroup section */
		89E3EAB2242E98D3007C2CFC /* Main.storyboard */ = {
			isa = PBXVariantGroup;
			children = (
				89E3EAB3242E98D3007C2CFC /* Base */,
			);
			name = Main.storyboard;
			sourceTree = "<group>";
		};
		89E3EAB7242E98D5007C2CFC /* LaunchScreen.storyboard */ = {
			isa = PBXVariantGroup;
			children = (
				89E3EAB8242E98D5007C2CFC /* Base */,
			);
			name = LaunchScreen.storyboard;
			sourceTree = "<group>";
		};
/* End PBXVariantGroup section */

/* Begin XCBuildConfiguration section */
		89E3EAD1242E98D6007C2CFC /* Debug */ = {
			isa = XCBuildConfiguration;
			buildSettings = {
				ALWAYS_SEARCH_USER_PATHS = NO;
				CLANG_ANALYZER_NONNULL = YES;
				CLANG_ANALYZER_NUMBER_OBJECT_CONVERSION = YES_AGGRESSIVE;
				CLANG_CXX_LANGUAGE_STANDARD = "gnu++14";
				CLANG_CXX_LIBRARY = "libc++";
				CLANG_ENABLE_MODULES = YES;
				CLANG_ENABLE_OBJC_ARC = YES;
				CLANG_ENABLE_OBJC_WEAK = YES;
				CLANG_WARN_BLOCK_CAPTURE_AUTORELEASING = YES;
				CLANG_WARN_BOOL_CONVERSION = YES;
				CLANG_WARN_COMMA = YES;
				CLANG_WARN_CONSTANT_CONVERSION = YES;
				CLANG_WARN_DEPRECATED_OBJC_IMPLEMENTATIONS = YES;
				CLANG_WARN_DIRECT_OBJC_ISA_USAGE = YES_ERROR;
				CLANG_WARN_DOCUMENTATION_COMMENTS = YES;
				CLANG_WARN_EMPTY_BODY = YES;
				CLANG_WARN_ENUM_CONVERSION = YES;
				CLANG_WARN_INFINITE_RECURSION = YES;
				CLANG_WARN_INT_CONVERSION = YES;
				CLANG_WARN_NON_LITERAL_NULL_CONVERSION = YES;
				CLANG_WARN_OBJC_IMPLICIT_RETAIN_SELF = YES;
				CLANG_WARN_OBJC_LITERAL_CONVERSION = YES;
				CLANG_WARN_OBJC_ROOT_CLASS = YES_ERROR;
				CLANG_WARN_RANGE_LOOP_ANALYSIS = YES;
				CLANG_WARN_STRICT_PROTOTYPES = YES;
				CLANG_WARN_SUSPICIOUS_MOVE = YES;
				CLANG_WARN_UNGUARDED_AVAILABILITY = YES_AGGRESSIVE;
				CLANG_WARN_UNREACHABLE_CODE = YES;
				CLANG_WARN__DUPLICATE_METHOD_MATCH = YES;
				COPY_PHASE_STRIP = NO;
				DEBUG_INFORMATION_FORMAT = dwarf;
				ENABLE_STRICT_OBJC_MSGSEND = YES;
				ENABLE_TESTABILITY = YES;
				GCC_C_LANGUAGE_STANDARD = gnu11;
				GCC_DYNAMIC_NO_PIC = NO;
				GCC_NO_COMMON_BLOCKS = YES;
				GCC_OPTIMIZATION_LEVEL = 0;
				GCC_PREPROCESSOR_DEFINITIONS = (
					"DEBUG=1",
					"$(inherited)",
				);
				GCC_WARN_64_TO_32_BIT_CONVERSION = YES;
				GCC_WARN_ABOUT_RETURN_TYPE = YES_ERROR;
				GCC_WARN_UNDECLARED_SELECTOR = YES;
				GCC_WARN_UNINITIALIZED_AUTOS = YES_AGGRESSIVE;
				GCC_WARN_UNUSED_FUNCTION = YES;
				GCC_WARN_UNUSED_VARIABLE = YES;
				IPHONEOS_DEPLOYMENT_TARGET = 13.4;
				MTL_ENABLE_DEBUG_INFO = INCLUDE_SOURCE;
				MTL_FAST_MATH = YES;
				ONLY_ACTIVE_ARCH = YES;
				SDKROOT = iphoneos;
				SWIFT_ACTIVE_COMPILATION_CONDITIONS = DEBUG;
				SWIFT_OPTIMIZATION_LEVEL = "-Onone";
			};
			name = Debug;
		};
		89E3EAD2242E98D6007C2CFC /* Release */ = {
			isa = XCBuildConfiguration;
			buildSettings = {
				ALWAYS_SEARCH_USER_PATHS = NO;
				CLANG_ANALYZER_NONNULL = YES;
				CLANG_ANALYZER_NUMBER_OBJECT_CONVERSION = YES_AGGRESSIVE;
				CLANG_CXX_LANGUAGE_STANDARD = "gnu++14";
				CLANG_CXX_LIBRARY = "libc++";
				CLANG_ENABLE_MODULES = YES;
				CLANG_ENABLE_OBJC_ARC = YES;
				CLANG_ENABLE_OBJC_WEAK = YES;
				CLANG_WARN_BLOCK_CAPTURE_AUTORELEASING = YES;
				CLANG_WARN_BOOL_CONVERSION = YES;
				CLANG_WARN_COMMA = YES;
				CLANG_WARN_CONSTANT_CONVERSION = YES;
				CLANG_WARN_DEPRECATED_OBJC_IMPLEMENTATIONS = YES;
				CLANG_WARN_DIRECT_OBJC_ISA_USAGE = YES_ERROR;
				CLANG_WARN_DOCUMENTATION_COMMENTS = YES;
				CLANG_WARN_EMPTY_BODY = YES;
				CLANG_WARN_ENUM_CONVERSION = YES;
				CLANG_WARN_INFINITE_RECURSION = YES;
				CLANG_WARN_INT_CONVERSION = YES;
				CLANG_WARN_NON_LITERAL_NULL_CONVERSION = YES;
				CLANG_WARN_OBJC_IMPLICIT_RETAIN_SELF = YES;
				CLANG_WARN_OBJC_LITERAL_CONVERSION = YES;
				CLANG_WARN_OBJC_ROOT_CLASS = YES_ERROR;
				CLANG_WARN_RANGE_LOOP_ANALYSIS = YES;
				CLANG_WARN_STRICT_PROTOTYPES = YES;
				CLANG_WARN_SUSPICIOUS_MOVE = YES;
				CLANG_WARN_UNGUARDED_AVAILABILITY = YES_AGGRESSIVE;
				CLANG_WARN_UNREACHABLE_CODE = YES;
				CLANG_WARN__DUPLICATE_METHOD_MATCH = YES;
				COPY_PHASE_STRIP = NO;
				DEBUG_INFORMATION_FORMAT = "dwarf-with-dsym";
				ENABLE_NS_ASSERTIONS = NO;
				ENABLE_STRICT_OBJC_MSGSEND = YES;
				GCC_C_LANGUAGE_STANDARD = gnu11;
				GCC_NO_COMMON_BLOCKS = YES;
				GCC_WARN_64_TO_32_BIT_CONVERSION = YES;
				GCC_WARN_ABOUT_RETURN_TYPE = YES_ERROR;
				GCC_WARN_UNDECLARED_SELECTOR = YES;
				GCC_WARN_UNINITIALIZED_AUTOS = YES_AGGRESSIVE;
				GCC_WARN_UNUSED_FUNCTION = YES;
				GCC_WARN_UNUSED_VARIABLE = YES;
				IPHONEOS_DEPLOYMENT_TARGET = 13.4;
				MTL_ENABLE_DEBUG_INFO = NO;
				MTL_FAST_MATH = YES;
				SDKROOT = iphoneos;
				SWIFT_COMPILATION_MODE = wholemodule;
				SWIFT_OPTIMIZATION_LEVEL = "-O";
				VALIDATE_PRODUCT = YES;
			};
			name = Release;
		};
		89E3EAD4242E98D6007C2CFC /* Debug */ = {
			isa = XCBuildConfiguration;
			buildSettings = {
				ASSETCATALOG_COMPILER_APPICON_NAME = AppIcon;
				CODE_SIGN_STYLE = Automatic;
				DEVELOPMENT_TEAM = "";
				INFOPLIST_FILE = Mini02/Info.plist;
				IPHONEOS_DEPLOYMENT_TARGET = 13.2;
				LD_RUNPATH_SEARCH_PATHS = (
					"$(inherited)",
					"@executable_path/Frameworks",
				);
				PRODUCT_BUNDLE_IDENTIFIER = academy.Mini02;
				PRODUCT_NAME = "$(TARGET_NAME)";
				SWIFT_VERSION = 5.0;
				TARGETED_DEVICE_FAMILY = "1,2";
			};
			name = Debug;
		};
		89E3EAD5242E98D6007C2CFC /* Release */ = {
			isa = XCBuildConfiguration;
			buildSettings = {
				ASSETCATALOG_COMPILER_APPICON_NAME = AppIcon;
				CODE_SIGN_STYLE = Automatic;
				DEVELOPMENT_TEAM = "";
				INFOPLIST_FILE = Mini02/Info.plist;
				IPHONEOS_DEPLOYMENT_TARGET = 13.2;
				LD_RUNPATH_SEARCH_PATHS = (
					"$(inherited)",
					"@executable_path/Frameworks",
				);
				PRODUCT_BUNDLE_IDENTIFIER = academy.Mini02;
				PRODUCT_NAME = "$(TARGET_NAME)";
				SWIFT_VERSION = 5.0;
				TARGETED_DEVICE_FAMILY = "1,2";
			};
			name = Release;
		};
		89E3EAD7242E98D6007C2CFC /* Debug */ = {
			isa = XCBuildConfiguration;
			buildSettings = {
				ALWAYS_EMBED_SWIFT_STANDARD_LIBRARIES = YES;
				BUNDLE_LOADER = "$(TEST_HOST)";
				CODE_SIGN_STYLE = Automatic;
				INFOPLIST_FILE = Mini02Tests/Info.plist;
				IPHONEOS_DEPLOYMENT_TARGET = 13.2;
				LD_RUNPATH_SEARCH_PATHS = (
					"$(inherited)",
					"@executable_path/Frameworks",
					"@loader_path/Frameworks",
				);
				PRODUCT_BUNDLE_IDENTIFIER = academy.Mini02Tests;
				PRODUCT_NAME = "$(TARGET_NAME)";
				SWIFT_VERSION = 5.0;
				TARGETED_DEVICE_FAMILY = "1,2";
				TEST_HOST = "$(BUILT_PRODUCTS_DIR)/Mini02.app/Mini02";
			};
			name = Debug;
		};
		89E3EAD8242E98D6007C2CFC /* Release */ = {
			isa = XCBuildConfiguration;
			buildSettings = {
				ALWAYS_EMBED_SWIFT_STANDARD_LIBRARIES = YES;
				BUNDLE_LOADER = "$(TEST_HOST)";
				CODE_SIGN_STYLE = Automatic;
				INFOPLIST_FILE = Mini02Tests/Info.plist;
				IPHONEOS_DEPLOYMENT_TARGET = 13.2;
				LD_RUNPATH_SEARCH_PATHS = (
					"$(inherited)",
					"@executable_path/Frameworks",
					"@loader_path/Frameworks",
				);
				PRODUCT_BUNDLE_IDENTIFIER = academy.Mini02Tests;
				PRODUCT_NAME = "$(TARGET_NAME)";
				SWIFT_VERSION = 5.0;
				TARGETED_DEVICE_FAMILY = "1,2";
				TEST_HOST = "$(BUILT_PRODUCTS_DIR)/Mini02.app/Mini02";
			};
			name = Release;
		};
		89E3EADA242E98D6007C2CFC /* Debug */ = {
			isa = XCBuildConfiguration;
			buildSettings = {
				ALWAYS_EMBED_SWIFT_STANDARD_LIBRARIES = YES;
				CODE_SIGN_STYLE = Automatic;
				INFOPLIST_FILE = Mini02UITests/Info.plist;
				IPHONEOS_DEPLOYMENT_TARGET = 13.2;
				LD_RUNPATH_SEARCH_PATHS = (
					"$(inherited)",
					"@executable_path/Frameworks",
					"@loader_path/Frameworks",
				);
				PRODUCT_BUNDLE_IDENTIFIER = academy.Mini02UITests;
				PRODUCT_NAME = "$(TARGET_NAME)";
				SWIFT_VERSION = 5.0;
				TARGETED_DEVICE_FAMILY = "1,2";
				TEST_TARGET_NAME = Mini02;
			};
			name = Debug;
		};
		89E3EADB242E98D6007C2CFC /* Release */ = {
			isa = XCBuildConfiguration;
			buildSettings = {
				ALWAYS_EMBED_SWIFT_STANDARD_LIBRARIES = YES;
				CODE_SIGN_STYLE = Automatic;
				INFOPLIST_FILE = Mini02UITests/Info.plist;
				IPHONEOS_DEPLOYMENT_TARGET = 13.2;
				LD_RUNPATH_SEARCH_PATHS = (
					"$(inherited)",
					"@executable_path/Frameworks",
					"@loader_path/Frameworks",
				);
				PRODUCT_BUNDLE_IDENTIFIER = academy.Mini02UITests;
				PRODUCT_NAME = "$(TARGET_NAME)";
				SWIFT_VERSION = 5.0;
				TARGETED_DEVICE_FAMILY = "1,2";
				TEST_TARGET_NAME = Mini02;
			};
			name = Release;
		};
/* End XCBuildConfiguration section */

/* Begin XCConfigurationList section */
		89E3EAA4242E98D3007C2CFC /* Build configuration list for PBXProject "Mini02" */ = {
			isa = XCConfigurationList;
			buildConfigurations = (
				89E3EAD1242E98D6007C2CFC /* Debug */,
				89E3EAD2242E98D6007C2CFC /* Release */,
			);
			defaultConfigurationIsVisible = 0;
			defaultConfigurationName = Release;
		};
		89E3EAD3242E98D6007C2CFC /* Build configuration list for PBXNativeTarget "Mini02" */ = {
			isa = XCConfigurationList;
			buildConfigurations = (
				89E3EAD4242E98D6007C2CFC /* Debug */,
				89E3EAD5242E98D6007C2CFC /* Release */,
			);
			defaultConfigurationIsVisible = 0;
			defaultConfigurationName = Release;
		};
		89E3EAD6242E98D6007C2CFC /* Build configuration list for PBXNativeTarget "Mini02Tests" */ = {
			isa = XCConfigurationList;
			buildConfigurations = (
				89E3EAD7242E98D6007C2CFC /* Debug */,
				89E3EAD8242E98D6007C2CFC /* Release */,
			);
			defaultConfigurationIsVisible = 0;
			defaultConfigurationName = Release;
		};
		89E3EAD9242E98D6007C2CFC /* Build configuration list for PBXNativeTarget "Mini02UITests" */ = {
			isa = XCConfigurationList;
			buildConfigurations = (
				89E3EADA242E98D6007C2CFC /* Debug */,
				89E3EADB242E98D6007C2CFC /* Release */,
			);
			defaultConfigurationIsVisible = 0;
			defaultConfigurationName = Release;
		};
/* End XCConfigurationList section */
	};
	rootObject = 89E3EAA1242E98D3007C2CFC /* Project object */;
}
